# This file is autogenerated, do not edit; changes may be undone by the next 'dep ensure'.


[[projects]]
  digest = "1:5c3894b2aa4d6bead0ceeea6831b305d62879c871780e7b76296ded1b004bc57"
  name = "cloud.google.com/go"
  packages = ["compute/metadata"]
  pruneopts = "UT"
  revision = "1fd54cf41e6e0e178ffe3c52b0e2260281f603e3"
  version = "v0.32.0"

[[projects]]
  digest = "1:97df918963298c287643883209a2c3f642e6593379f97ab400c2a2e219ab647d"
  name = "github.com/golang/protobuf"
  packages = ["proto"]
  pruneopts = "UT"
  revision = "aa810b61a9c79d51363740d207bb46cf8e620ed5"
  version = "v1.2.0"

[[projects]]
  branch = "master"
  digest = "1:d6b719875cf8091fbab38527d81d34e71f4521b9ee9ccfbd4a32cff2ac5af96e"
  name = "golang.org/x/net"
  packages = [
    "context",
    "context/ctxhttp",
  ]
  pruneopts = "UT"
  revision = "03003ca0c849e57b6ea29a4bab8d3cb6e4d568fe"

[[projects]]
  branch = "master"
  digest = "1:d71cf3891adad6f2d608396a8da36e90ac46cd51e34d5a75a31385d2682b43ce"
  name = "golang.org/x/oauth2"
  packages = [
    ".",
    "google",
    "internal",
    "jws",
    "jwt",
  ]
  pruneopts = "UT"
  revision = "f42d05182288abf10faef86d16c0d07b8d40ea2d"

[[projects]]
  branch = "master"
  digest = "1:f0b079075296822076ecd1874e2a14edfa053e3198a3bd6acf53ee6879775a81"
  name = "google.golang.org/api"
  packages = [
    "bigquery/v2",
    "cloudfunctions/v1",
    "compute/v1",
    "gensupport",
    "googleapi",
    "googleapi/internal/uritemplates",
  ]
  pruneopts = "UT"
  revision = "cfbc873f6b93790282bed8e31e7f7df417caee1b"

[[projects]]
  digest = "1:ff1d099eaac616cfb0eb941e5a6b5371880130dcd50cd449b5c1a6522a1b1c41"
  name = "google.golang.org/appengine"
  packages = [
    ".",
    "internal",
    "internal/app_identity",
    "internal/base",
    "internal/datastore",
    "internal/log",
    "internal/modules",
    "internal/remote_api",
    "internal/urlfetch",
    "log",
    "urlfetch",
  ]
  pruneopts = "UT"
  revision = "4a4468ece617fc8205e99368fa2200e9d1fad421"
  version = "v1.3.0"

[solve-meta]
  analyzer-name = "dep"
  analyzer-version = 1
  input-imports = [
    "cloud.google.com/go/compute/metadata",
    "golang.org/x/oauth2/google",
    "google.golang.org/api/bigquery/v2",
    "google.golang.org/api/cloudfunctions/v1",
    "google.golang.org/api/compute/v1",
    "google.golang.org/appengine",
    "google.golang.org/appengine/log",
  ]
  solver-name = "gps-cdcl"
  solver-version = 1
